
Microsoft Visual Studio Solution File, Format Version 12.00
# Visual Studio Version 16
VisualStudioVersion = 16.0.30611.23
MinimumVisualStudioVersion = 10.0.40219.1
Project("{9A19103F-16F7-4668-BE54-9A1E7A4F7556}") = "FTSS.API", "FTSS.API\FTSS.API.csproj", "{59383885-C5FC-4BB0-BEFF-F3BABB244EAB}"
EndProject
Project("{9A19103F-16F7-4668-BE54-9A1E7A4F7556}") = "FTSS.Models", "FTSS.Models\FTSS.Models.csproj", "{E36288CF-37EC-4CDA-A0FE-6BA8BCD69D8B}"
EndProject
Project("{9A19103F-16F7-4668-BE54-9A1E7A4F7556}") = "FTSS.Logic", "FTSS.Logic\FTSS.Logic.csproj", "{6113ACD9-CE14-4938-9C5E-A2296A21227A}"
EndProject
Project("{9A19103F-16F7-4668-BE54-9A1E7A4F7556}") = "FTSS.DP.EF", "FTSS.DP.EF\FTSS.DP.EF.csproj", "{0379F349-EC8A-4D6A-B895-D746C3F9B383}"
EndProject
Project("{9A19103F-16F7-4668-BE54-9A1E7A4F7556}") = "FTSS.DP.DapperORM", "FTSS.DP.Dapper\FTSS.DP.DapperORM.csproj", "{A14D2ACC-D0F4-4F1A-B513-7453A89A292A}"
EndProject
Project("{2150E333-8FDC-42A3-9474-1A3956D46DE8}") = "Tests", "Tests", "{BE2F4E04-8E74-4FF0-A1FA-1C9808E66022}"
EndProject
Project("{FAE04EC0-301F-11D3-BF4B-00C04F79EFBC}") = "FTSS.Logic.Tests", "FTSS.Logic.Tests\FTSS.Logic.Tests.csproj", "{264D514E-5CF0-4822-A8BF-EB6DB9233CED}"
EndProject
Global
	GlobalSection(SolutionConfigurationPlatforms) = preSolution
		Debug|Any CPU = Debug|Any CPU
		Release|Any CPU = Release|Any CPU
	EndGlobalSection
	GlobalSection(ProjectConfigurationPlatforms) = postSolution
		{59383885-C5FC-4BB0-BEFF-F3BABB244EAB}.Debug|Any CPU.ActiveCfg = Debug|Any CPU
		{59383885-C5FC-4BB0-BEFF-F3BABB244EAB}.Debug|Any CPU.Build.0 = Debug|Any CPU
		{59383885-C5FC-4BB0-BEFF-F3BABB244EAB}.Release|Any CPU.ActiveCfg = Release|Any CPU
		{59383885-C5FC-4BB0-BEFF-F3BABB244EAB}.Release|Any CPU.Build.0 = Release|Any CPU
		{E36288CF-37EC-4CDA-A0FE-6BA8BCD69D8B}.Debug|Any CPU.ActiveCfg = Debug|Any CPU
		{E36288CF-37EC-4CDA-A0FE-6BA8BCD69D8B}.Debug|Any CPU.Build.0 = Debug|Any CPU
		{E36288CF-37EC-4CDA-A0FE-6BA8BCD69D8B}.Release|Any CPU.ActiveCfg = Release|Any CPU
		{E36288CF-37EC-4CDA-A0FE-6BA8BCD69D8B}.Release|Any CPU.Build.0 = Release|Any CPU
		{6113ACD9-CE14-4938-9C5E-A2296A21227A}.Debug|Any CPU.ActiveCfg = Debug|Any CPU
		{6113ACD9-CE14-4938-9C5E-A2296A21227A}.Debug|Any CPU.Build.0 = Debug|Any CPU
		{6113ACD9-CE14-4938-9C5E-A2296A21227A}.Release|Any CPU.ActiveCfg = Release|Any CPU
		{6113ACD9-CE14-4938-9C5E-A2296A21227A}.Release|Any CPU.Build.0 = Release|Any CPU
		{0379F349-EC8A-4D6A-B895-D746C3F9B383}.Debug|Any CPU.ActiveCfg = Debug|Any CPU
		{0379F349-EC8A-4D6A-B895-D746C3F9B383}.Debug|Any CPU.Build.0 = Debug|Any CPU
		{0379F349-EC8A-4D6A-B895-D746C3F9B383}.Release|Any CPU.ActiveCfg = Release|Any CPU
		{0379F349-EC8A-4D6A-B895-D746C3F9B383}.Release|Any CPU.Build.0 = Release|Any CPU
		{A14D2ACC-D0F4-4F1A-B513-7453A89A292A}.Debug|Any CPU.ActiveCfg = Debug|Any CPU
		{A14D2ACC-D0F4-4F1A-B513-7453A89A292A}.Debug|Any CPU.Build.0 = Debug|Any CPU
		{A14D2ACC-D0F4-4F1A-B513-7453A89A292A}.Release|Any CPU.ActiveCfg = Release|Any CPU
		{A14D2ACC-D0F4-4F1A-B513-7453A89A292A}.Release|Any CPU.Build.0 = Release|Any CPU
		{264D514E-5CF0-4822-A8BF-EB6DB9233CED}.Debug|Any CPU.ActiveCfg = Debug|Any CPU
		{264D514E-5CF0-4822-A8BF-EB6DB9233CED}.Debug|Any CPU.Build.0 = Debug|Any CPU
		{264D514E-5CF0-4822-A8BF-EB6DB9233CED}.Release|Any CPU.ActiveCfg = Release|Any CPU
		{264D514E-5CF0-4822-A8BF-EB6DB9233CED}.Release|Any CPU.Build.0 = Release|Any CPU
	EndGlobalSection
	GlobalSection(SolutionProperties) = preSolution
		HideSolutionNode = FALSE
	EndGlobalSection
	GlobalSection(NestedProjects) = preSolution
		{264D514E-5CF0-4822-A8BF-EB6DB9233CED} = {BE2F4E04-8E74-4FF0-A1FA-1C9808E66022}
	EndGlobalSection
	GlobalSection(ExtensibilityGlobals) = postSolution
		SolutionGuid = {E6EC93B6-CB6D-4531-9762-348209422489}
	EndGlobalSection
EndGlobal
